
Microsoft Visual Studio Solution File, Format Version 12.00
# Visual Studio Version 17
VisualStudioVersion = 17.0.31903.59
MinimumVisualStudioVersion = 10.0.40219.1
Project("{2150E333-8FDC-42A3-9474-1A3956D46DE8}") = "src", "src", "{214CAA3E-D70B-4792-B68F-34696A1A29F5}"
EndProject
Project("{FAE04EC0-301F-11D3-BF4B-00C04F79EFBC}") = "StupidDuck.Core", "src\StupidDuck.Core\StupidDuck.Core.csproj", "{61EE3933-73B5-438A-A1B1-B2311478ECD3}"
EndProject
Project("{FAE04EC0-301F-11D3-BF4B-00C04F79EFBC}") = "StupidDuck.Duck", "src\StupidDuck.Duck\StupidDuck.Duck.csproj", "{3D4755DD-EBEE-47E1-A61C-0E08266211DD}"
EndProject
Project("{FAE04EC0-301F-11D3-BF4B-00C04F79EFBC}") = "StupidDuck.UI", "src\StupidDuck.UI\StupidDuck.UI.csproj", "{22FC0AEE-22C2-4584-BE82-903934623294}"
EndProject
Project("{FAE04EC0-301F-11D3-BF4B-00C04F79EFBC}") = "StupidDuck.World", "src\StupidDuck.World\StupidDuck.World.csproj", "{2835DF19-8068-4B47-B925-E4406405F99F}"
EndProject
Project("{FAE04EC0-301F-11D3-BF4B-00C04F79EFBC}") = "StupidDuck.Dialogue", "src\StupidDuck.Dialogue\StupidDuck.Dialogue.csproj", "{918C5C4D-5EBA-4235-9B50-0240918DE401}"
EndProject
Project("{FAE04EC0-301F-11D3-BF4B-00C04F79EFBC}") = "StupidDuck.Audio", "src\StupidDuck.Audio\StupidDuck.Audio.csproj", "{64DBB6CB-8F6B-4A89-9EB9-9F6645437DA6}"
EndProject
Project("{FAE04EC0-301F-11D3-BF4B-00C04F79EFBC}") = "StupidDuck.Data", "src\StupidDuck.Data\StupidDuck.Data.csproj", "{C040216F-2708-4F15-AD0C-52286929695D}"
EndProject
Project("{FAE04EC0-301F-11D3-BF4B-00C04F79EFBC}") = "StupidDuck.Game", "src\StupidDuck.Game\StupidDuck.Game.csproj", "{D57F32BB-2D36-486C-8FA4-57DC62A331FE}"
EndProject
Global
	GlobalSection(SolutionConfigurationPlatforms) = preSolution
		Debug|Any CPU = Debug|Any CPU
		Release|Any CPU = Release|Any CPU
	EndGlobalSection
	GlobalSection(SolutionProperties) = preSolution
		HideSolutionNode = FALSE
	EndGlobalSection
	GlobalSection(ProjectConfigurationPlatforms) = postSolution
		{61EE3933-73B5-438A-A1B1-B2311478ECD3}.Debug|Any CPU.ActiveCfg = Debug|Any CPU
		{61EE3933-73B5-438A-A1B1-B2311478ECD3}.Debug|Any CPU.Build.0 = Debug|Any CPU
		{61EE3933-73B5-438A-A1B1-B2311478ECD3}.Release|Any CPU.ActiveCfg = Release|Any CPU
		{61EE3933-73B5-438A-A1B1-B2311478ECD3}.Release|Any CPU.Build.0 = Release|Any CPU
		{3D4755DD-EBEE-47E1-A61C-0E08266211DD}.Debug|Any CPU.ActiveCfg = Debug|Any CPU
		{3D4755DD-EBEE-47E1-A61C-0E08266211DD}.Debug|Any CPU.Build.0 = Debug|Any CPU
		{3D4755DD-EBEE-47E1-A61C-0E08266211DD}.Release|Any CPU.ActiveCfg = Release|Any CPU
		{3D4755DD-EBEE-47E1-A61C-0E08266211DD}.Release|Any CPU.Build.0 = Release|Any CPU
		{22FC0AEE-22C2-4584-BE82-903934623294}.Debug|Any CPU.ActiveCfg = Debug|Any CPU
		{22FC0AEE-22C2-4584-BE82-903934623294}.Debug|Any CPU.Build.0 = Debug|Any CPU
		{22FC0AEE-22C2-4584-BE82-903934623294}.Release|Any CPU.ActiveCfg = Release|Any CPU
		{22FC0AEE-22C2-4584-BE82-903934623294}.Release|Any CPU.Build.0 = Release|Any CPU
		{2835DF19-8068-4B47-B925-E4406405F99F}.Debug|Any CPU.ActiveCfg = Debug|Any CPU
		{2835DF19-8068-4B47-B925-E4406405F99F}.Debug|Any CPU.Build.0 = Debug|Any CPU
		{2835DF19-8068-4B47-B925-E4406405F99F}.Release|Any CPU.ActiveCfg = Release|Any CPU
		{2835DF19-8068-4B47-B925-E4406405F99F}.Release|Any CPU.Build.0 = Release|Any CPU
		{918C5C4D-5EBA-4235-9B50-0240918DE401}.Debug|Any CPU.ActiveCfg = Debug|Any CPU
		{918C5C4D-5EBA-4235-9B50-0240918DE401}.Debug|Any CPU.Build.0 = Debug|Any CPU
		{918C5C4D-5EBA-4235-9B50-0240918DE401}.Release|Any CPU.ActiveCfg = Release|Any CPU
		{918C5C4D-5EBA-4235-9B50-0240918DE401}.Release|Any CPU.Build.0 = Release|Any CPU
		{64DBB6CB-8F6B-4A89-9EB9-9F6645437DA6}.Debug|Any CPU.ActiveCfg = Debug|Any CPU
		{64DBB6CB-8F6B-4A89-9EB9-9F6645437DA6}.Debug|Any CPU.Build.0 = Debug|Any CPU
		{64DBB6CB-8F6B-4A89-9EB9-9F6645437DA6}.Release|Any CPU.ActiveCfg = Release|Any CPU
		{64DBB6CB-8F6B-4A89-9EB9-9F6645437DA6}.Release|Any CPU.Build.0 = Release|Any CPU
		{C040216F-2708-4F15-AD0C-52286929695D}.Debug|Any CPU.ActiveCfg = Debug|Any CPU
		{C040216F-2708-4F15-AD0C-52286929695D}.Debug|Any CPU.Build.0 = Debug|Any CPU
		{C040216F-2708-4F15-AD0C-52286929695D}.Release|Any CPU.ActiveCfg = Release|Any CPU
		{C040216F-2708-4F15-AD0C-52286929695D}.Release|Any CPU.Build.0 = Release|Any CPU
		{D57F32BB-2D36-486C-8FA4-57DC62A331FE}.Debug|Any CPU.ActiveCfg = Debug|Any CPU
		{D57F32BB-2D36-486C-8FA4-57DC62A331FE}.Debug|Any CPU.Build.0 = Debug|Any CPU
		{D57F32BB-2D36-486C-8FA4-57DC62A331FE}.Release|Any CPU.ActiveCfg = Release|Any CPU
		{D57F32BB-2D36-486C-8FA4-57DC62A331FE}.Release|Any CPU.Build.0 = Release|Any CPU
	EndGlobalSection
	GlobalSection(NestedProjects) = preSolution
		{61EE3933-73B5-438A-A1B1-B2311478ECD3} = {214CAA3E-D70B-4792-B68F-34696A1A29F5}
		{3D4755DD-EBEE-47E1-A61C-0E08266211DD} = {214CAA3E-D70B-4792-B68F-34696A1A29F5}
		{22FC0AEE-22C2-4584-BE82-903934623294} = {214CAA3E-D70B-4792-B68F-34696A1A29F5}
		{2835DF19-8068-4B47-B925-E4406405F99F} = {214CAA3E-D70B-4792-B68F-34696A1A29F5}
		{918C5C4D-5EBA-4235-9B50-0240918DE401} = {214CAA3E-D70B-4792-B68F-34696A1A29F5}
		{64DBB6CB-8F6B-4A89-9EB9-9F6645437DA6} = {214CAA3E-D70B-4792-B68F-34696A1A29F5}
		{C040216F-2708-4F15-AD0C-52286929695D} = {214CAA3E-D70B-4792-B68F-34696A1A29F5}
		{D57F32BB-2D36-486C-8FA4-57DC62A331FE} = {214CAA3E-D70B-4792-B68F-34696A1A29F5}
	EndGlobalSection
EndGlobal
